
Microsoft Visual Studio Solution File, Format Version 11.00
# Visual Studio 2010
Project("{FAE04EC0-301F-11D3-BF4B-00C04F79EFBC}") = "Survivor", "Assembly-CSharp-firstpass.csproj", "{889A0A5E-524B-8495-9997-F0489D5294A6}"
EndProject
Project("{FAE04EC0-301F-11D3-BF4B-00C04F79EFBC}") = "Survivor", "Assembly-CSharp.csproj", "{34467AA8-DCBB-B786-2DE7-70905B7AEE8C}"
EndProject
Project("{FAE04EC0-301F-11D3-BF4B-00C04F79EFBC}") = "Survivor", "Assembly-CSharp-Editor-firstpass.csproj", "{38E76D41-3697-BF36-0C78-E4566DD7B582}"
EndProject
Global
	GlobalSection(SolutionConfigurationPlatforms) = preSolution
		Debug|Any CPU = Debug|Any CPU
		Release|Any CPU = Release|Any CPU
	EndGlobalSection
	GlobalSection(ProjectConfigurationPlatforms) = postSolution
		{889A0A5E-524B-8495-9997-F0489D5294A6}.Debug|Any CPU.ActiveCfg = Debug|Any CPU
		{889A0A5E-524B-8495-9997-F0489D5294A6}.Debug|Any CPU.Build.0 = Debug|Any CPU
		{889A0A5E-524B-8495-9997-F0489D5294A6}.Release|Any CPU.ActiveCfg = Release|Any CPU
		{889A0A5E-524B-8495-9997-F0489D5294A6}.Release|Any CPU.Build.0 = Release|Any CPU
		{34467AA8-DCBB-B786-2DE7-70905B7AEE8C}.Debug|Any CPU.ActiveCfg = Debug|Any CPU
		{34467AA8-DCBB-B786-2DE7-70905B7AEE8C}.Debug|Any CPU.Build.0 = Debug|Any CPU
		{34467AA8-DCBB-B786-2DE7-70905B7AEE8C}.Release|Any CPU.ActiveCfg = Release|Any CPU
		{34467AA8-DCBB-B786-2DE7-70905B7AEE8C}.Release|Any CPU.Build.0 = Release|Any CPU
		{38E76D41-3697-BF36-0C78-E4566DD7B582}.Debug|Any CPU.ActiveCfg = Debug|Any CPU
		{38E76D41-3697-BF36-0C78-E4566DD7B582}.Debug|Any CPU.Build.0 = Debug|Any CPU
		{38E76D41-3697-BF36-0C78-E4566DD7B582}.Release|Any CPU.ActiveCfg = Release|Any CPU
		{38E76D41-3697-BF36-0C78-E4566DD7B582}.Release|Any CPU.Build.0 = Release|Any CPU
	EndGlobalSection
	GlobalSection(SolutionProperties) = preSolution
		HideSolutionNode = FALSE
	EndGlobalSection
	GlobalSection(MonoDevelopProperties) = preSolution
		StartupItem = Assembly-CSharp.csproj
	EndGlobalSection
EndGlobal
